
Microsoft Visual Studio Solution File, Format Version 12.00
# Visual Studio 15
VisualStudioVersion = 15.0.27130.0
MinimumVisualStudioVersion = 10.0.40219.1
Project("{FAE04EC0-301F-11D3-BF4B-00C04F79EFBC}") = "PSCalendar", "src\Client\PSCalendar\PSCalendar.csproj", "{5776697F-DF73-4E18-92BC-CB937FFF257D}"
EndProject
Project("{FAE04EC0-301F-11D3-BF4B-00C04F79EFBC}") = "PSCalendarService", "src\Server\PSCalendarService\PSCalendarService.csproj", "{94B8304E-6A6F-4EFE-A2D3-EAE1FBE5226B}"
EndProject
Project("{FAE04EC0-301F-11D3-BF4B-00C04F79EFBC}") = "PSCalendarContract", "src\Common\PSCalendarContract\PSCalendarContract.csproj", "{58F8A76A-D05C-4833-B43F-099A006B62C7}"
EndProject
Project("{FAE04EC0-301F-11D3-BF4B-00C04F79EFBC}") = "PSCalendarServer", "src\Server\PSCalendarServer\PSCalendarServer.csproj", "{D062326E-79C5-46B4-BFD3-F586532C44C9}"
EndProject
Project("{FAE04EC0-301F-11D3-BF4B-00C04F79EFBC}") = "PSCalendarDBScripts", "src\Server\PSCalendarDBScripts\PSCalendarDBScripts.csproj", "{5F3532C5-B5AF-4F9A-85A1-C6C09230AFFE}"
EndProject
Project("{2150E333-8FDC-42A3-9474-1A3956D46DE8}") = "Nugets", "Nugets", "{36B5A40E-0376-4359-ACB6-24B1F1DD8911}"
EndProject
Project("{FAE04EC0-301F-11D3-BF4B-00C04F79EFBC}") = "DBUpHelper", "..\DBUpPT\DBUpHelper\DBUpHelper.csproj", "{935A1B8B-9B9D-4AD3-BC9A-B88A57A37B65}"
EndProject
Project("{FAE04EC0-301F-11D3-BF4B-00C04F79EFBC}") = "ConnectionStringHelper", "..\ConnectionStringPT\ConnectionStringHelper\ConnectionStringHelper.csproj", "{C8FBD1AC-9605-4BE3-9429-9FE18F383A6E}"
EndProject
Project("{FAE04EC0-301F-11D3-BF4B-00C04F79EFBC}") = "PSCalendarServiceDebugRunner", "src\Server\PSCalendarServiceDebugRunner\PSCalendarServiceDebugRunner.csproj", "{44E78515-0D65-43B6-A5A6-1E6577E114F8}"
EndProject
Project("{FAE04EC0-301F-11D3-BF4B-00C04F79EFBC}") = "MasterConfiguration", "..\MasterConfigurationPT\MasterConfiguration\MasterConfiguration.csproj", "{108CEFCD-3617-4C60-BDF3-D1F77636FB62}"
EndProject
Project("{FAE04EC0-301F-11D3-BF4B-00C04F79EFBC}") = "Configuration", "src\Common\Configuration\Configuration.csproj", "{794F7057-6F89-4775-A58A-D532B5C178F1}"
EndProject
Project("{FAE04EC0-301F-11D3-BF4B-00C04F79EFBC}") = "PSCalendarDB", "src\Server\PSCalendarDB\PSCalendarDB.csproj", "{D9330D60-BDBF-48B1-A4C2-A19665B9D489}"
EndProject
Project("{2150E333-8FDC-42A3-9474-1A3956D46DE8}") = "Server", "Server", "{DB53AD86-AE86-430B-82B9-7C87FFA37EDA}"
EndProject
Project("{2150E333-8FDC-42A3-9474-1A3956D46DE8}") = "Client", "Client", "{DDC0FF9A-A58F-4D7F-B7A8-91DB9CFCEFAE}"
EndProject
Project("{2150E333-8FDC-42A3-9474-1A3956D46DE8}") = "Common", "Common", "{24AC6543-24FF-436C-A1B6-732F44A69BEA}"
EndProject
Project("{2150E333-8FDC-42A3-9474-1A3956D46DE8}") = "Sync", "Sync", "{98ECB088-4E1C-487C-A0F0-BB7F3C44AD3B}"
EndProject
Project("{9A19103F-16F7-4668-BE54-9A1E7A4F7556}") = "PSCalendarSyncFunction", "src\Sync\PSCalendarSyncFunction\PSCalendarSyncFunction.csproj", "{8AA2AFB3-E3BD-4568-8D7D-477BEE285CFC}"
EndProject
Project("{FAE04EC0-301F-11D3-BF4B-00C04F79EFBC}") = "PSCalendarSyncGoogle", "src\Sync\SyncGmailCalendar\PSCalendarSyncGoogle.csproj", "{89ECB289-DF9F-4018-A475-58551DE518F4}"
EndProject
Project("{FAE04EC0-301F-11D3-BF4B-00C04F79EFBC}") = "PSCalendarBL", "src\Server\PSCalnedarBL\PSCalendarBL.csproj", "{1FEC128A-5608-4BF7-A457-682A3C5B6EEB}"
EndProject
Project("{FAE04EC0-301F-11D3-BF4B-00C04F79EFBC}") = "PSCalendarTools", "src\Common\Tools\PSCalendarTools.csproj", "{2936AF01-1CE5-43EC-8207-4BD4CCF106A1}"
EndProject
Project("{FAE04EC0-301F-11D3-BF4B-00C04F79EFBC}") = "IndexList", "..\IndexList\IndexList\IndexList.csproj", "{5685EED3-A7E7-4B1A-8E04-6910AE7642B8}"
EndProject
Global
	GlobalSection(SolutionConfigurationPlatforms) = preSolution
		Debug|Any CPU = Debug|Any CPU
		Release|Any CPU = Release|Any CPU
	EndGlobalSection
	GlobalSection(ProjectConfigurationPlatforms) = postSolution
		{5776697F-DF73-4E18-92BC-CB937FFF257D}.Debug|Any CPU.ActiveCfg = Debug|Any CPU
		{5776697F-DF73-4E18-92BC-CB937FFF257D}.Debug|Any CPU.Build.0 = Debug|Any CPU
		{5776697F-DF73-4E18-92BC-CB937FFF257D}.Release|Any CPU.ActiveCfg = Release|Any CPU
		{5776697F-DF73-4E18-92BC-CB937FFF257D}.Release|Any CPU.Build.0 = Release|Any CPU
		{94B8304E-6A6F-4EFE-A2D3-EAE1FBE5226B}.Debug|Any CPU.ActiveCfg = Debug|Any CPU
		{94B8304E-6A6F-4EFE-A2D3-EAE1FBE5226B}.Debug|Any CPU.Build.0 = Debug|Any CPU
		{94B8304E-6A6F-4EFE-A2D3-EAE1FBE5226B}.Release|Any CPU.ActiveCfg = Release|Any CPU
		{94B8304E-6A6F-4EFE-A2D3-EAE1FBE5226B}.Release|Any CPU.Build.0 = Release|Any CPU
		{58F8A76A-D05C-4833-B43F-099A006B62C7}.Debug|Any CPU.ActiveCfg = Debug|Any CPU
		{58F8A76A-D05C-4833-B43F-099A006B62C7}.Debug|Any CPU.Build.0 = Debug|Any CPU
		{58F8A76A-D05C-4833-B43F-099A006B62C7}.Release|Any CPU.ActiveCfg = Release|Any CPU
		{58F8A76A-D05C-4833-B43F-099A006B62C7}.Release|Any CPU.Build.0 = Release|Any CPU
		{D062326E-79C5-46B4-BFD3-F586532C44C9}.Debug|Any CPU.ActiveCfg = Debug|Any CPU
		{D062326E-79C5-46B4-BFD3-F586532C44C9}.Debug|Any CPU.Build.0 = Debug|Any CPU
		{D062326E-79C5-46B4-BFD3-F586532C44C9}.Release|Any CPU.ActiveCfg = Release|Any CPU
		{D062326E-79C5-46B4-BFD3-F586532C44C9}.Release|Any CPU.Build.0 = Release|Any CPU
		{5F3532C5-B5AF-4F9A-85A1-C6C09230AFFE}.Debug|Any CPU.ActiveCfg = Debug|Any CPU
		{5F3532C5-B5AF-4F9A-85A1-C6C09230AFFE}.Debug|Any CPU.Build.0 = Debug|Any CPU
		{5F3532C5-B5AF-4F9A-85A1-C6C09230AFFE}.Release|Any CPU.ActiveCfg = Release|Any CPU
		{5F3532C5-B5AF-4F9A-85A1-C6C09230AFFE}.Release|Any CPU.Build.0 = Release|Any CPU
		{935A1B8B-9B9D-4AD3-BC9A-B88A57A37B65}.Debug|Any CPU.ActiveCfg = Debug|Any CPU
		{935A1B8B-9B9D-4AD3-BC9A-B88A57A37B65}.Debug|Any CPU.Build.0 = Debug|Any CPU
		{935A1B8B-9B9D-4AD3-BC9A-B88A57A37B65}.Release|Any CPU.ActiveCfg = Release|Any CPU
		{935A1B8B-9B9D-4AD3-BC9A-B88A57A37B65}.Release|Any CPU.Build.0 = Release|Any CPU
		{C8FBD1AC-9605-4BE3-9429-9FE18F383A6E}.Debug|Any CPU.ActiveCfg = Debug|Any CPU
		{C8FBD1AC-9605-4BE3-9429-9FE18F383A6E}.Debug|Any CPU.Build.0 = Debug|Any CPU
		{C8FBD1AC-9605-4BE3-9429-9FE18F383A6E}.Release|Any CPU.ActiveCfg = Release|Any CPU
		{C8FBD1AC-9605-4BE3-9429-9FE18F383A6E}.Release|Any CPU.Build.0 = Release|Any CPU
		{44E78515-0D65-43B6-A5A6-1E6577E114F8}.Debug|Any CPU.ActiveCfg = Debug|Any CPU
		{44E78515-0D65-43B6-A5A6-1E6577E114F8}.Debug|Any CPU.Build.0 = Debug|Any CPU
		{44E78515-0D65-43B6-A5A6-1E6577E114F8}.Release|Any CPU.ActiveCfg = Release|Any CPU
		{44E78515-0D65-43B6-A5A6-1E6577E114F8}.Release|Any CPU.Build.0 = Release|Any CPU
		{108CEFCD-3617-4C60-BDF3-D1F77636FB62}.Debug|Any CPU.ActiveCfg = Debug|Any CPU
		{108CEFCD-3617-4C60-BDF3-D1F77636FB62}.Debug|Any CPU.Build.0 = Debug|Any CPU
		{108CEFCD-3617-4C60-BDF3-D1F77636FB62}.Release|Any CPU.ActiveCfg = Release|Any CPU
		{108CEFCD-3617-4C60-BDF3-D1F77636FB62}.Release|Any CPU.Build.0 = Release|Any CPU
		{794F7057-6F89-4775-A58A-D532B5C178F1}.Debug|Any CPU.ActiveCfg = Debug|Any CPU
		{794F7057-6F89-4775-A58A-D532B5C178F1}.Debug|Any CPU.Build.0 = Debug|Any CPU
		{794F7057-6F89-4775-A58A-D532B5C178F1}.Release|Any CPU.ActiveCfg = Release|Any CPU
		{794F7057-6F89-4775-A58A-D532B5C178F1}.Release|Any CPU.Build.0 = Release|Any CPU
		{D9330D60-BDBF-48B1-A4C2-A19665B9D489}.Debug|Any CPU.ActiveCfg = Debug|Any CPU
		{D9330D60-BDBF-48B1-A4C2-A19665B9D489}.Debug|Any CPU.Build.0 = Debug|Any CPU
		{D9330D60-BDBF-48B1-A4C2-A19665B9D489}.Release|Any CPU.ActiveCfg = Release|Any CPU
		{D9330D60-BDBF-48B1-A4C2-A19665B9D489}.Release|Any CPU.Build.0 = Release|Any CPU
		{8AA2AFB3-E3BD-4568-8D7D-477BEE285CFC}.Debug|Any CPU.ActiveCfg = Debug|Any CPU
		{8AA2AFB3-E3BD-4568-8D7D-477BEE285CFC}.Debug|Any CPU.Build.0 = Debug|Any CPU
		{8AA2AFB3-E3BD-4568-8D7D-477BEE285CFC}.Release|Any CPU.ActiveCfg = Release|Any CPU
		{8AA2AFB3-E3BD-4568-8D7D-477BEE285CFC}.Release|Any CPU.Build.0 = Release|Any CPU
		{89ECB289-DF9F-4018-A475-58551DE518F4}.Debug|Any CPU.ActiveCfg = Debug|Any CPU
		{89ECB289-DF9F-4018-A475-58551DE518F4}.Debug|Any CPU.Build.0 = Debug|Any CPU
		{89ECB289-DF9F-4018-A475-58551DE518F4}.Release|Any CPU.ActiveCfg = Release|Any CPU
		{89ECB289-DF9F-4018-A475-58551DE518F4}.Release|Any CPU.Build.0 = Release|Any CPU
		{1FEC128A-5608-4BF7-A457-682A3C5B6EEB}.Debug|Any CPU.ActiveCfg = Debug|Any CPU
		{1FEC128A-5608-4BF7-A457-682A3C5B6EEB}.Debug|Any CPU.Build.0 = Debug|Any CPU
		{1FEC128A-5608-4BF7-A457-682A3C5B6EEB}.Release|Any CPU.ActiveCfg = Release|Any CPU
		{1FEC128A-5608-4BF7-A457-682A3C5B6EEB}.Release|Any CPU.Build.0 = Release|Any CPU
		{2936AF01-1CE5-43EC-8207-4BD4CCF106A1}.Debug|Any CPU.ActiveCfg = Debug|Any CPU
		{2936AF01-1CE5-43EC-8207-4BD4CCF106A1}.Debug|Any CPU.Build.0 = Debug|Any CPU
		{2936AF01-1CE5-43EC-8207-4BD4CCF106A1}.Release|Any CPU.ActiveCfg = Release|Any CPU
		{2936AF01-1CE5-43EC-8207-4BD4CCF106A1}.Release|Any CPU.Build.0 = Release|Any CPU
		{5685EED3-A7E7-4B1A-8E04-6910AE7642B8}.Debug|Any CPU.ActiveCfg = Debug|Any CPU
		{5685EED3-A7E7-4B1A-8E04-6910AE7642B8}.Debug|Any CPU.Build.0 = Debug|Any CPU
		{5685EED3-A7E7-4B1A-8E04-6910AE7642B8}.Release|Any CPU.ActiveCfg = Release|Any CPU
		{5685EED3-A7E7-4B1A-8E04-6910AE7642B8}.Release|Any CPU.Build.0 = Release|Any CPU
	EndGlobalSection
	GlobalSection(SolutionProperties) = preSolution
		HideSolutionNode = FALSE
	EndGlobalSection
	GlobalSection(NestedProjects) = preSolution
		{5776697F-DF73-4E18-92BC-CB937FFF257D} = {DDC0FF9A-A58F-4D7F-B7A8-91DB9CFCEFAE}
		{94B8304E-6A6F-4EFE-A2D3-EAE1FBE5226B} = {DB53AD86-AE86-430B-82B9-7C87FFA37EDA}
		{58F8A76A-D05C-4833-B43F-099A006B62C7} = {24AC6543-24FF-436C-A1B6-732F44A69BEA}
		{D062326E-79C5-46B4-BFD3-F586532C44C9} = {DB53AD86-AE86-430B-82B9-7C87FFA37EDA}
		{5F3532C5-B5AF-4F9A-85A1-C6C09230AFFE} = {DB53AD86-AE86-430B-82B9-7C87FFA37EDA}
		{935A1B8B-9B9D-4AD3-BC9A-B88A57A37B65} = {36B5A40E-0376-4359-ACB6-24B1F1DD8911}
		{C8FBD1AC-9605-4BE3-9429-9FE18F383A6E} = {36B5A40E-0376-4359-ACB6-24B1F1DD8911}
		{44E78515-0D65-43B6-A5A6-1E6577E114F8} = {DB53AD86-AE86-430B-82B9-7C87FFA37EDA}
		{108CEFCD-3617-4C60-BDF3-D1F77636FB62} = {36B5A40E-0376-4359-ACB6-24B1F1DD8911}
		{794F7057-6F89-4775-A58A-D532B5C178F1} = {24AC6543-24FF-436C-A1B6-732F44A69BEA}
		{D9330D60-BDBF-48B1-A4C2-A19665B9D489} = {DB53AD86-AE86-430B-82B9-7C87FFA37EDA}
		{8AA2AFB3-E3BD-4568-8D7D-477BEE285CFC} = {98ECB088-4E1C-487C-A0F0-BB7F3C44AD3B}
		{89ECB289-DF9F-4018-A475-58551DE518F4} = {98ECB088-4E1C-487C-A0F0-BB7F3C44AD3B}
		{1FEC128A-5608-4BF7-A457-682A3C5B6EEB} = {DB53AD86-AE86-430B-82B9-7C87FFA37EDA}
		{2936AF01-1CE5-43EC-8207-4BD4CCF106A1} = {24AC6543-24FF-436C-A1B6-732F44A69BEA}
		{5685EED3-A7E7-4B1A-8E04-6910AE7642B8} = {36B5A40E-0376-4359-ACB6-24B1F1DD8911}
	EndGlobalSection
	GlobalSection(ExtensibilityGlobals) = postSolution
		SolutionGuid = {F13A32D5-D694-446D-B7F6-F22FCB6170AF}
	EndGlobalSection
EndGlobal
